{
    "_meta": {
        "hash": {
            "sha256": "62df1e59fdbc532820c0bb43b4498b26b6793cd74c165d250dbce7c34d522afd"
        },
        "pipfile-spec": 6,
        "requires": {
            "python_version": "3.11"
        },
        "sources": [
            {
                "name": "pypi",
                "url": "https://pypi.org/simple",
                "verify_ssl": true
            }
        ]
    },
    "default": {
        "iniconfig": {
            "hashes": [
                "sha256:c76315c77db068650d49c5b56314774a7804df16fee4402c1f19d6d15d8c4730",
                "sha256:f631c04d2c48c52b84d0d0549c99ff3859c98df65b3101406327ecc7d53fbf12"
            ],
            "markers": "python_version >= '3.10'",
            "version": "==2.3.0"
        },
        "lxml": {
            "hashes": [
                "sha256:058027e261afed589eddcfe530fcc6f3402d7fd7e89bfd0532df82ebc1563dba",
                "sha256:063eccf89df5b24e361b123e257e437f9e9878f425ee9aae3144c77faf6da6d8",
                "sha256:064fdadaf7a21af3ed1dcaa106b854077fbeada827c18f72aec9346847cd65d0",
                "sha256:08b9d5e803c2e4725ae9e8559ee880e5328ed61aa0935244e0515d7d9dbec0aa",
                "sha256:0a3c150a95fbe5ac91de323aa756219ef9cf7fde5a3f00e2281e30f33fa5fa4f",
                "sha256:0aa7070978f893954008ab73bb9e3c24a7c56c054e00566a21b553dc18105fca",
                "sha256:13dcecc9946dca97b11b7c40d29fba63b55ab4170d3c0cf8c0c164343b9bfdcf",
                "sha256:13e35cbc684aadf05d8711a5d1b5857c92e5e580efa9a0d2be197199c8def607",
                "sha256:17f68764f35fd78d7c4cc4ef209a184c38b65440378013d24b8aecd327c3e0c8",
                "sha256:1941354d92699fb5ffe6ed7b32f9649e43c2feb4b97205f75866f7d21aa91452",
                "sha256:1c06035eafa8404b5cf475bb37a9f6088b0aca288d4ccc9d69389750d5543700",
                "sha256:1db01e5cf14345628e0cbe71067204db658e2fb8e51e7f33631f5f4735fefd8d",
                "sha256:1e786a464c191ca43b133906c6903a7e4d56bef376b75d97ccbb8ec5cf1f0a4b",
                "sha256:1ea99340b3c729beea786f78c38f60f4795622f36e305d9c9be402201efdc3b7",
                "sha256:200069a593c5e40b8f6fc0d84d86d970ba43138c3e68619ffa234bc9bb806a4d",
                "sha256:2047d8234fe735ab77802ce5f2297e410ff40f5238aec569ad7c8e163d7b19a6",
                "sha256:21c73b476d3cfe836be731225ec3421fa2f048d84f6df6a8e70433dff1376d5a",
                "sha256:24a8e756c982c001ca8d59e87c80c4d9dcd4d9b44a4cbeb8d9be4482c514d41d",
                "sha256:252a22982dca42f6155125ac76d3432e548a7625d56f5a273ee78a5057216eca",
                "sha256:2593c77efde7bfea7f6389f1ab249b15ed4aa5bc5cb5131faa3b843c429fbedb",
                "sha256:25fcc59afc57d527cfc78a58f40ab4c9b8fd096a9a3f964d2781ffb6eb33f4ed",
                "sha256:2613e67de13d619fd283d58bda40bff0ee07739f624ffee8b13b631abf33083d",
                "sha256:27220da5be049e936c3aca06f174e8827ca6445a4353a1995584311487fc4e3e",
                "sha256:2c8458c2cdd29589a8367c09c8f030f1d202be673f0ca224ec18590b3b9fb694",
                "sha256:2ca59e7e13e5981175b8b3e4ab84d7da57993eeff53c07764dcebda0d0e64ecd",
                "sha256:2cbcbf6d6e924c28f04a43f3b6f6e272312a090f269eff68a2982e13e5d57659",
                "sha256:2ed6c667fcbb8c19c6791bbf40b7268ef8ddf5a96940ba9404b9f9a304832f6c",
                "sha256:358d9adae670b63e95bc59747c72f4dc97c9ec58881d4627fe0120da0f90d314",
                "sha256:370cd78d5855cfbffd57c422851f7d3864e6ae72d0da615fca4dad8c45d375a5",
                "sha256:3ae2ce7d6fedfb3414a2b6c5e20b249c4c607f72cb8d2bb7cc9c6ec7c6f4e849",
                "sha256:3b1675e096e17c6fe9c0e8c81434f5736c0739ff9ac6123c87c2d452f48fc938",
                "sha256:3e3cb08855967a20f553ff32d147e14329b3ae70ced6edc2f282b94afbc74b2a",
                "sha256:3efe1b21c7801ffa29a1112fab3b0f643628c30472d507f39544fd48e9549e34",
                "sha256:3fee0851639d06276e6b387f1c190eb9d7f06f7f53514e966b26bae46481ec90",
                "sha256:4077b7c79f31755df33b795dc12119cb557a0106bfdab0d2c2d97bd3cf3dffa6",
                "sha256:414aaa94e974e23a3e92e7ca5b97d10c0cf37b6481f50911032c69eeb3991bba",
                "sha256:4197fb2534ee05fd3e7afaab5d8bfd6c2e186f65ea7f9cd6a82809c887bd1285",
                "sha256:442de7530296ef5e188373a1ea5789a46ce90c4847e597856570439621d9c553",
                "sha256:4468e3b83e10e0317a89a33d28f7aeba1caa4d1a6fd457d115dd4ffe90c5931d",
                "sha256:452b899faa64f1805943ec1c0c9ebeaece01a1af83e130b69cdefeda180bb42c",
                "sha256:45f93e6f75123f88d7f0cfd90f2d05f441b808562bf0bc01070a00f53f5028b5",
                "sha256:48461bd21625458dd01e14e2c38dd0aea69addc3c4f960c30d9f59d7f93be601",
                "sha256:4ddb1049fa0579d0cbd00503ad8c58b9ab34d1254c77bc6a5576d96ec7853dba",
                "sha256:5179c60288204e6ddde3f774a93350177e08876eaf3ab78aa3a3649d43eb7d37",
                "sha256:57a86e1ebb4020a38d295c04fc79603c7899e0df71588043eb218722dabc087f",
                "sha256:5921d924aa5468c939d95c9814fa9f9b5935a6ff4e679e26aaf2951f74043512",
                "sha256:59c45e125140b2c4b33920d21d83681940ca29f0b83f8629ea1a2196dc8cfe6a",
                "sha256:5aa0fc67ae19d7a64c3fe725dc9a1bb11f80e01f78289d05c6f62545affec438",
                "sha256:5d444858b9f07cefff6455b983aea9a67f7462ba1f6cbe4a21e8bf6791bf2153",
                "sha256:60fa43be34f78bebb27812ed90f1925ec99560b0fa1decdb7d12b84d857d31e9",
                "sha256:6162a86d86893d63084faaf4ff937b3daea233e3682fb4474db07395794fa80d",
                "sha256:61cb10eeb95570153e0c0e554f58df92ecf5109f75eacad4a95baa709e26c3d6",
                "sha256:65ac4a01aba353cfa6d5725b95d7aed6356ddc0a3cd734de00124d285b04b64f",
                "sha256:65ea18d710fd14e0186c2f973dc60bb52039a275f82d3c44a0e42b43440ea534",
                "sha256:6605c604e6daa9e0d7f0a2137bdc47a2e93b59c60a65466353e37f8272f47c46",
                "sha256:66328dabea70b5ba7e53d94aa774b733cf66686535f3bc9250a7aab53a91caaf",
                "sha256:6c8963287d7a4c5c9a432ff487c52e9c5618667179c18a204bdedb27310f022f",
                "sha256:6cdaefac66e8b8f30e37a9b4768a391e1f8a16a7526d5bc77a7928408ef68e93",
                "sha256:6da5185951d72e6f5352166e3da7b0dc27aa70bd1090b0eb3f7f7212b53f1bb8",
                "sha256:6ddff43f702905a4e32bc24f3f2e2edfe0f8fde3277d481bffb709a4cced7a1f",
                "sha256:6ec0e3f745021bfed19c456647f0298d60a24c9ff86d9d051f52b509663feeb1",
                "sha256:6f91fd2b2ea15a6800c8e24418c0775a1694eefc011392da73bc6cef2623b322",
                "sha256:700efd30c0fa1a3581d80a748157397559396090a51d306ea59a70020223d16f",
                "sha256:71695772df6acea9f3c0e59e44ba8ac50c4f125217e84aab21074a1a55e7e5c9",
                "sha256:72c87e5ee4e58a8354fb9c7c84cbf95a1c8236c127a5d1b7683f04bed8361e1f",
                "sha256:7d2de809c2ee3b888b59f995625385f74629707c9355e0ff856445cdcae682b7",
                "sha256:80dadc234ebc532e09be1975ff538d154a7fa61ea5031c03d25178855544728f",
                "sha256:817ef43a0c0b4a77bd166dc9a09a555394105ff3374777ad41f453526e37f9cb",
                "sha256:846ae9a12d54e368933b9759052d6206a9e8b250291109c48e350c1f1f49d916",
                "sha256:875c6b5ab39ad5291588aed6925fac99d0097af0dd62f33c7b43736043d4a2ec",
                "sha256:8799481bbdd212470d17513a54d568f44416db01250f49449647b5ab5b5dccb9",
                "sha256:8ac6e5811ae2870953390452e3476694196f98d447573234592d30488147404d",
                "sha256:8f8d0cbd0674ee89863a523e6994ac25fd5be9c8486acfc3e5ccea679bad2679",
                "sha256:901e3b4219fa04ef766885fb40fa516a71662a4c61b80c94d25336b4934b71c0",
                "sha256:90a345bbeaf9d0587a3aaffb7006aa39ccb6ff0e96a57286c0cb2fd1520ea192",
                "sha256:9261bb77c2dab42f3ecd9103951aeca2c40277701eb7e912c545c1b16e0e4917",
                "sha256:945da35a48d193d27c188037a05fec5492937f66fb1958c24fc761fb9d40d43c",
                "sha256:957448ac63a42e2e49531b9d6c0fa449a1970dbc32467aaad46f11545be9af1d",
                "sha256:967aab75434de148ec80597b75062d8123cadf2943fb4281f385141e18b21338",
                "sha256:98a5e1660dc7de2200b00d53fa00bcd3c35a3608c305d45a7bbcaf29fa16e83d",
                "sha256:995e783eb0374c120f528f807443ad5a83a656a8624c467ea73781fc5f8a8304",
                "sha256:9b33d21594afab46f37ae58dfadd06636f154923c4e8a4d754b0127554eb2e77",
                "sha256:a4bf42d2e4cf52c28cc1812d62426b9503cdb0c87a6de81442626aa7d69707ba",
                "sha256:a59f5448ba2ceccd06995c95ea59a7674a10de0810f2ce90c9006f3cbc044456",
                "sha256:a656ca105115f6b766bba324f23a67914d9c728dafec57638e2b92a9dcd76c62",
                "sha256:a6b5b39cc7e2998f968f05309e666103b53e2edd01df8dc51b90d734c0825444",
                "sha256:a7c5d5e5f1081955358533be077166ee97ed2571d6a66bdba6ec2f609a715d1a",
                "sha256:a8bef9b9825fa8bc816a6e641bb67219489229ebc648be422af695f6e7a4fa7f",
                "sha256:a8ffaeec5dfea5881d4c9d8913a32d10cfe3923495386106e4a24d45300ef79c",
                "sha256:abd44571493973bad4598a3be7e1d807ed45aa2adaf7ab92ab7c62609569b17d",
                "sha256:ac02dc29fd397608f8eb15ac1610ae2f2f0154b03f631e6d724d9e2ad4ee2c84",
                "sha256:af85529ae8d2a453feee4c780d9406a5e3b17cee0dd75c18bd31adcd584debc3",
                "sha256:b0c732aa23de8f8aec23f4b580d1e52905ef468afb4abeafd3fec77042abb6fe",
                "sha256:b2142a376b40b6736dfc214fd2902409e9e3857eff554fed2d3c60f097e62a62",
                "sha256:b22a07cbb82fea98f8a2fd814f3d1811ff9ed76d0fc6abc84eb21527596e7cc8",
                "sha256:b2c3da8d93cf5db60e8858c17684c47d01fee6405e554fb55018dd85fc23b178",
                "sha256:b2c7fdaa4d7c3d886a42534adec7cfac73860b89b4e5298752f60aa5984641a0",
                "sha256:b30d46379644fbfc3ab81f8f82ae4de55179414651f110a1514f0b1f8f6cb2d7",
                "sha256:b42f4d86b451c2f9d06ffb4f8bbc776e04df3ba070b9fe2657804b1b40277c48",
                "sha256:b738f7e648735714bbb82bdfd030203360cfeab7f6e8a34772b3c8c8b820568c",
                "sha256:b7fc49c37f1786284b12af63152fe1d0990722497e2d5817acfe7a877522f9a9",
                "sha256:b8f18914faec94132e5b91e69d76a5c1d7b0c73e2489ea8929c4aaa10b76bbf7",
                "sha256:bb2f6ca0ae2d983ded09357b84af659c954722bbf04dea98030064996d156048",
                "sha256:bb4c1847b303835d89d785a18801a883436cdfd5dc3d62947f9c49e24f0f5a2c",
                "sha256:bc456d04db0515ce3320d714a1eac7a97774ff0849e7718b492d957da4631dd4",
                "sha256:bc532422ff26b304cfb62b328826bd995c96154ffd2bac4544f37dbb95ecaa8f",
                "sha256:be3aaa60da67e6153eb15715cc2e19091af5dc75faef8b8a585aea372507384b",
                "sha256:c33e66d44fe60e72397b487ee92e01da0d09ba2d66df8eae42d77b6d06e5eba0",
                "sha256:c371aa98126a0d4c739ca93ceffa0fd7a5d732e3ac66a46e74339acd4d334564",
                "sha256:c54d83a2188a10ebdba573f16bd97135d06c9ef60c3dc495315c7a28c80a263f",
                "sha256:c7d13103045de1bdd6fe5d61802565f1a3537d70cd3abf596aa0af62761921ee",
                "sha256:cb233f9c95f83707dae461b12b720c1af9c28c2d19208e1be03387222151daf5",
                "sha256:cd79f3367bd74b317dda655dc8fcfa304d9eb6e4fb06b7168c5cf27f96e0cd62",
                "sha256:cdcbed9ad19da81c480dfd6dd161886db6096083c9938ead313d94b30aadf272",
                "sha256:d100fcc8930d697c6561156c6810ab4a508fb264c8b6779e6e61e2ed5e7558f9",
                "sha256:d4aec24d6b72ee457ec665344a29acb2d35937d5192faebe429ea02633151aad",
                "sha256:d6690ec5ec1cce0385cb20896b16be35247ac8c2046e493d03232f1c2414d321",
                "sha256:d759cdd7f3e055d6bc8d9bec3ad905227b2e4c785dc16c372eb5b5e83123f48a",
                "sha256:da08e7bb297b04e893d91087df19638dc7a6bb858a954b0cc2b9f5053c922312",
                "sha256:dacf3c64ef3f7440e3167aa4b49aa9e0fb99e0aa4f9ff03795640bf94531bcb0",
                "sha256:daf42de090d59db025af61ce6bdb2521f0f102ea0e6ea310f13c17610a97da4c",
                "sha256:dc051506c30b609238d79eda75ee9cab3e520570ec8219844a72a46020901e37",
                "sha256:de496365750cc472b4e7902a485d3f152ecf57bd3ba03ddd5578ed8ceb4c5964",
                "sha256:dfb874cfa53340009af6bdd7e54ebc0d21012a60a4e65d927c2e477112e63484",
                "sha256:e19e0643cc936a22e837f79d01a550678da8377d7d801a14487c10c34ee49c7e",
                "sha256:e237b807d68a61fc3b1e845407e27e5eb8ef69bc93fe8505337c1acb4ee300b6",
                "sha256:e5867f2651016a3afd8dd2c8238baa66f1e2802f44bc17e236f547ace6647078",
                "sha256:e748d4cf8fef2526bb2a589a417eba0c8674e29ffcb570ce2ceca44f1e567bf6",
                "sha256:e77dd455b9a16bbd2a5036a63ddbd479c19572af81b624e79ef422f929eef388",
                "sha256:e8113639f3296706fbac34a30813929e29247718e88173ad849f57ca59754924",
                "sha256:e8cd2415f372e7e5a789d743d133ae474290a90b9023197fd78f32e2dc6873e2",
                "sha256:eb2a12d704f180a902d7fa778c6d71f36ceb7b0d317f34cdc76a5d05aa1dd1df",
                "sha256:ef9266d2aa545d7374938fb5c484531ef5a2ec7f2d573e62f8ce722c735685fd",
                "sha256:f2a50c3c1d11cad0ebebbac357a97b26aa79d2bcaf46f256551152aa85d3a4d1",
                "sha256:f2e3b1a6bb38de0bc713edd4d612969dd250ca8b724be8d460001a387507021c",
                "sha256:f952dacaa552f3bb8834908dddd500ba7d508e6ea6eb8c52eb2d28f48ca06a31",
                "sha256:fa25afbadead523f7001caf0c2382afd272c315a033a7b06336da2637d92d6ed",
                "sha256:fb8dae0b6b8b7f9e96c26fdd8121522ce5de9bb5538010870bd538683d30e9a2",
                "sha256:fbc74f42c3525ac4ffa4b89cbdd00057b6196bcefe8bce794abd42d33a018092",
                "sha256:fe659f6b5d10fb5a17f00a50eb903eb277a71ee35df4615db573c069bcf967ac"
            ],
            "index": "pypi",
            "markers": "python_version >= '3.8'",
            "version": "==6.0.2"
        },
        "maturin": {
            "hashes": [
                "sha256:06fc8d089f98623ce924c669b70911dfed30f9a29956c362945f727f9abc546b",
                "sha256:2cb41139295eed6411d3cdafc7430738094c2721f34b7eeb44f33cac516115dc",
                "sha256:351f3af1488a7cbdcff3b6d8482c17164273ac981378a13a4a9937a49aec7d71",
                "sha256:3f32e0a3720b81423c9d35c14e728cb1f954678124749776dc72d533ea1115e8",
                "sha256:6892b4176992fcc143f9d1c1c874a816e9a041248eef46433db87b0f0aff4278",
                "sha256:6dbddfe4dc7ddee60bbac854870bd7cfec660acb54d015d24597d59a1c828f61",
                "sha256:75133e56274d43b9227fd49dca9a86e32f1fd56a7b55544910c4ce978c2bb5aa",
                "sha256:8fdb0f63e77ee3df0f027a120e9af78dbc31edf0eb0f263d55783c250c33b728",
                "sha256:977290159d252db946054a0555263c59b3d0c7957135c69e690f4b1558ee9983",
                "sha256:bae91976cdc8148038e13c881e1e844e5c63e58e026e8b9945aa2d19b3b4ae89",
                "sha256:c0c742beeeef7fb93b6a81bd53e75507887e396fd1003c45117658d063812dad",
                "sha256:d37be3a811a7f2ee28a0fa0964187efa50e90f21da0c6135c27787fa0b6a89db",
                "sha256:e90dc12bc6a38e9495692a36c9e231c4d7e0c9bfde60719468ab7d8673db3c45",
                "sha256:fa84b7493a2e80759cacc2e668fa5b444d55b9994e90707c42904f55d6322c1e"
            ],
            "index": "pypi",
            "markers": "python_version >= '3.7'",
            "version": "==1.12.6"
        },
        "packaging": {
            "hashes": [
                "sha256:00243ae351a257117b6a241061796684b084ed1c516a08c48a3f7e147a9d80b4",
                "sha256:b36f1fef9334a5588b4166f8bcd26a14e521f2b55e6b9de3aaa80d3ff7a37529"
            ],
            "markers": "python_version >= '3.8'",
            "version": "==26.0"
        },
        "pluggy": {
            "hashes": [
                "sha256:7dcc130b76258d33b90f61b658791dede3486c3e6bfb003ee5c9bfb396dd22f3",
                "sha256:e920276dd6813095e9377c0bc5566d94c932c33b27a3e3945d8389c374dd4746"
            ],
            "markers": "python_version >= '3.9'",
            "version": "==1.6.0"
        },
        "polars": {
            "hashes": [
                "sha256:803a2be5344ef880ad625addfb8f641995cfd777413b08a10de0897345778239",
                "sha256:a29479c48fed4984d88b656486d221f638cba45d3e961631a50ee5fdde38cb2c"
            ],
            "index": "pypi",
            "markers": "python_version >= '3.10'",
            "version": "==1.38.1"
        },
        "polars-runtime-32": {
            "hashes": [
                "sha256:04f20ed1f5c58771f34296a27029dc755a9e4b1390caeaef8f317e06fdfce2ec",
                "sha256:08c2b3b93509c1141ac97891294ff5c5b0c548a373f583eaaea873a4bf506437",
                "sha256:10d19cd9863e129273b18b7fcaab625b5c8143c2d22b3e549067b78efa32e4fa",
                "sha256:18154e96044724a0ac38ce155cf63aa03c02dd70500efbbf1a61b08cadd269ef",
                "sha256:61e8d73c614b46a00d2f853625a7569a2e4a0999333e876354ac81d1bf1bb5e2",
                "sha256:6d07d0cc832bfe4fb54b6e04218c2c27afcfa6b9498f9f6bbf262a00d58cc7c4",
                "sha256:c49acac34cc4049ed188f1eb67d6ff3971a39b4af7f7b734b367119970f313ac",
                "sha256:e8a5f7a8125e2d50e2e060296551c929aec09be23a9edcb2b12ca923f555a5ba",
                "sha256:fef2ef2626a954e010e006cc8e4de467ecf32d08008f130cea1c78911f545323"
            ],
            "markers": "python_version >= '3.10'",
            "version": "==1.38.1"
        },
        "pyarrow": {
            "hashes": [
                "sha256:00be9576d970c31defb5c32eb72ef585bf600ef6d0a82d5eccaae96639cf9d07",
                "sha256:07deae7783782ac7250989a7b2ecde9b3c343a643f82e8a4df03d93b633006f0",
                "sha256:0ae6e17c828455b6265d590100c295193f93cc5675eb0af59e49dbd00d2de350",
                "sha256:0b95a3994f015be13c63148fef8832e8a23938128c185ee951c98908a696e0eb",
                "sha256:17cd28e906c18af486a499422740298c52d7c6795344ea5002a7720b4eadf16d",
                "sha256:26d50dee49d741ac0e82185033488d28d35be4d763ae6f321f97d1140eb7a0e9",
                "sha256:29f7f7419a0e30264ea261fdc0e5fe63ce5a6095003db2945d7cd78df391a7e1",
                "sha256:33d648dc25b51fd8055c19e4261e813dfc4d2427f068bcecc8b53d01b81b0500",
                "sha256:3a4c85ef66c134161987c17b147d6bffdca4566f9a4c1d81a0a01cdf08414ea5",
                "sha256:3c30143b17161310f151f4a2bcfe41b5ff744238c1039338779424e38579d701",
                "sha256:3f91c038b95f71ddfc865f11d5876c42f343b4495535bd262c7b321b0b94507c",
                "sha256:3fab8f82571844eb3c460f90a75583801d14ca0cc32b1acc8c361650e006fd56",
                "sha256:46718a220d64677c93bc243af1d44b55998255427588e400677d7192671845c7",
                "sha256:4982d71350b1a6e5cfe1af742c53dfb759b11ce14141870d05d9e540d13bc5d1",
                "sha256:527e8d899f14bd15b740cd5a54ad56b7f98044955373a17179d5956ddb93d9ce",
                "sha256:564baf97c858ecc03ec01a41062e8f4698abc3e6e2acd79c01c2e97880a19730",
                "sha256:5abde149bb3ce524782d838eb67ac095cd3fd6090eba051130589793f1a7f76d",
                "sha256:5c16ed4f53247fa3ffb12a14d236de4213a4415d127fe9cebed33d51671113e2",
                "sha256:5df1161da23636a70838099d4aaa65142777185cc0cdba4037a18cee7d8db9ca",
                "sha256:5f4763b83c11c16e5f4c15601ba6dfa849e20723b46aa2617cb4bffe8768479f",
                "sha256:6b8fda694640b00e8af3c824f99f789e836720aa8c9379fb435d4c4953a756b8",
                "sha256:6f0147ee9e0386f519c952cc670eb4a8b05caa594eeffe01af0e25f699e4e9bb",
                "sha256:7044b442f184d84e2351e5084600f0d7343d6117aabcbc1ac78eb1ae11eb4125",
                "sha256:71c5be5cbf1e1cb6169d2a0980850bccb558ddc9b747b6206435313c47c37677",
                "sha256:76e823d0e86b4fb5e1cf4a58d293036e678b5a4b03539be933d3b31f9406859f",
                "sha256:7707d2b6673f7de054e2e83d59f9e805939038eebe1763fe811ee8fa5c0cd1a7",
                "sha256:813d99f31275919c383aab17f0f455a04f5a429c261cc411b1e9a8f5e4aaaa05",
                "sha256:86ff03fb9f1a320266e0de855dee4b17da6794c595d207f89bba40d16b5c78b9",
                "sha256:8ff51b1addc469b9444b7c6f3548e19dc931b172ab234e995a60aea9f6e6025f",
                "sha256:9b6f4f17b43bc39d56fec96e53fe89d94bac3eb134137964371b45352d40d0c2",
                "sha256:9fc13fc6c403d1337acab46a2c4346ca6c9dec5780c3c697cf8abfd5e19b6b37",
                "sha256:a09f3876e87f48bc2f13583ab551f0379e5dfb83210391e68ace404181a20690",
                "sha256:a35581e856a2fafa12f3f54fce4331862b1cfb0bef5758347a858a4aa9d6bae8",
                "sha256:a62e1899e3078bf65943078b3ad2a6ddcacf2373bc06379aac61b1e548a75814",
                "sha256:b8c5873e33440b2bc2f4a79d2b47017a89c5a24116c055625e6f2ee50523f019",
                "sha256:bf5842f960cddd2ef757d486041d57c96483efc295a8c4a0e20e704cbbf39c67",
                "sha256:c2139549494445609f35a5cda4eb94e2c9e4d704ce60a095b342f82460c73a83",
                "sha256:c250248f1fe266db627921c89b47b7c06fee0489ad95b04d50353537d74d6886",
                "sha256:c33b5bf406284fd0bba436ed6f6c3ebe8e311722b441d89397c54f871c6863a2",
                "sha256:cd395abf8f91c673dd3589cadc8cc1ee4e8674fa61b2e923c8dd215d9c7d1f41",
                "sha256:cecfb12ef629cf6be0b1887f9f86463b0dd3dc3195ae6224e74006be4736035a",
                "sha256:d0744403adabef53c985a7f8a082b502a368510c40d184df349a0a8754533258",
                "sha256:db2190fa79c80a23fdd29fef4b8992893f024ae7c17d2f5f4db7171fa30c2c78",
                "sha256:ddf743e82f69dcd6dbbcb63628895d7161e04e56794ef80550ac6f3315eeb1d5",
                "sha256:df088e8f640c9fae3b1f495b3c64755c4e719091caf250f3a74d095ddf3c836d",
                "sha256:e052a211c5ac9848ae15d5ec875ed0943c0221e2fcfe69eee80b604b4e703222",
                "sha256:f00f993a8179e0e1c9713bcc0baf6d6c01326a406a9c23495ec1ba9c9ebf2919",
                "sha256:f4b0dbfa124c0bb161f8b5ebb40f1a680b70279aa0c9901d44a2b5a20806039f",
                "sha256:fa8e51cb04b9f8c9c5ace6bab63af9a1f88d35c0d6cbf53e8c17c098552285e1",
                "sha256:fed7020203e9ef273360b9e45be52a2a47d3103caf156a30ace5247ffb51bdbd"
            ],
            "index": "pypi",
            "markers": "python_version >= '3.10'",
            "version": "==23.0.1"
        },
        "pygments": {
            "hashes": [
                "sha256:636cb2477cec7f8952536970bc533bc43743542f70392ae026374600add5b887",
                "sha256:86540386c03d588bb81d44bc3928634ff26449851e99741617ecb9037ee5ec0b"
            ],
            "markers": "python_version >= '3.8'",
            "version": "==2.19.2"
        },
        "pytest": {
            "hashes": [
                "sha256:711ffd45bf766d5264d487b917733b453d917afd2b0ad65223959f59089f875b",
                "sha256:75186651a92bd89611d1d9fc20f0b4345fd827c41ccd5c299a868a05d70edf11"
            ],
            "index": "pypi",
            "markers": "python_version >= '3.10'",
            "version": "==9.0.2"
        },
        "toml": {
            "hashes": [
                "sha256:806143ae5bfb6a3c6e736a764057db0e6a0e05e338b5630894a5f779cabb4f9b",
                "sha256:b3bda1d108d5dd99f4a20d24d9c348e91c4db7ab1b749200bded2f839ccbe68f"
            ],
            "index": "pypi",
            "markers": "python_version >= '2.6' and python_version not in '3.0, 3.1, 3.2, 3.3'",
            "version": "==0.10.2"
        }
    },
    "develop": {
        "packaging": {
            "hashes": [
                "sha256:00243ae351a257117b6a241061796684b084ed1c516a08c48a3f7e147a9d80b4",
                "sha256:b36f1fef9334a5588b4166f8bcd26a14e521f2b55e6b9de3aaa80d3ff7a37529"
            ],
            "markers": "python_version >= '3.8'",
            "version": "==26.0"
        },
        "semantic-version": {
            "hashes": [
                "sha256:bdabb6d336998cbb378d4b9db3a4b56a1e3235701dc05ea2690d9a997ed5041c",
                "sha256:de78a3b8e0feda74cabc54aab2da702113e33ac9d9eb9d2389bcf1f58b7d9177"
            ],
            "markers": "python_version >= '2.7'",
            "version": "==2.10.0"
        },
        "setuptools": {
            "hashes": [
                "sha256:22e0a2d69474c6ae4feb01951cb69d515ed23728cf96d05513d36e42b62b37cb",
                "sha256:70b18734b607bd1da571d097d236cfcfacaf01de45717d59e6e04b96877532e0"
            ],
            "markers": "python_version >= '3.9'",
            "version": "==82.0.0"
        },
        "setuptools-rust": {
            "hashes": [
                "sha256:7e7db90547f224a835b45f5ad90c983340828a345554a9a660bdb2de8605dcdd",
                "sha256:d94a93f0c97751c17014565f07bdc324bee45d396cd1bba83d8e7af92b945f0c"
            ],
            "index": "pypi",
            "markers": "python_version >= '3.9'",
            "version": "==1.12.0"
        },
        "setuptools-scm": {
            "hashes": [
                "sha256:1c674ab4665686a0887d7e24c03ab25f24201c213e82ea689d2f3e169ef7ef57",
                "sha256:30e8f84d2ab1ba7cb0e653429b179395d0c33775d54807fc5f1dd6671801aef7"
            ],
            "index": "pypi",
            "markers": "python_version >= '3.8'",
            "version": "==9.2.2"
        }
    }
}
